
Microsoft Visual Studio Solution File, Format Version 12.00
# Visual Studio Version 17
VisualStudioVersion = 17.7.34024.191
MinimumVisualStudioVersion = 10.0.40219.1
Project("{FAE04EC0-301F-11D3-BF4B-00C04F79EFBC}") = "EShopMVC_Net7", "EShopMVC_Net7\EShopMVC_Net7.csproj", "{9E98EA46-7E76-4E3F-9247-BCEC62695098}"
EndProject
Global
	GlobalSection(SolutionConfigurationPlatforms) = preSolution
		Debug|Any CPU = Debug|Any CPU
		Release|Any CPU = Release|Any CPU
	EndGlobalSection
	GlobalSection(ProjectConfigurationPlatforms) = postSolution
		{9E98EA46-7E76-4E3F-9247-BCEC62695098}.Debug|Any CPU.ActiveCfg = Debug|Any CPU
		{9E98EA46-7E76-4E3F-9247-BCEC62695098}.Debug|Any CPU.Build.0 = Debug|Any CPU
		{9E98EA46-7E76-4E3F-9247-BCEC62695098}.Release|Any CPU.ActiveCfg = Release|Any CPU
		{9E98EA46-7E76-4E3F-9247-BCEC62695098}.Release|Any CPU.Build.0 = Release|Any CPU
	EndGlobalSection
	GlobalSection(SolutionProperties) = preSolution
		HideSolutionNode = FALSE
	EndGlobalSection
	GlobalSection(ExtensibilityGlobals) = postSolution
		SolutionGuid = {42B80097-26CB-496A-A280-521AA1CB51D4}
	EndGlobalSection
EndGlobal
